<?xml version="1.0" encoding="UTF-8"?>
<Scheme LastUpgradeVersion="2700" version="1.3">
  <BuildAction parallelizeBuildables="NO" buildImplicitDependencies="YES">
    <BuildActionEntries>
      <BuildActionEntry buildForTesting="YES" buildForRunning="NO" buildForProfiling="NO" buildForArchiving="NO" buildForAnalyzing="YES">
        <BuildableReference BuildableIdentifier="primary" BlueprintIdentifier="A00000000000000000000009" BuildableName="AccessibilityAuditTests.xctest" BlueprintName="AccessibilityAuditTests" ReferencedContainer="container:AccessibilityAudit.xcodeproj"/>
      </BuildActionEntry>
    </BuildActionEntries>
  </BuildAction>
  <TestAction buildConfiguration="Debug" selectedDebuggerIdentifier="Xcode.DebuggerFoundation.Debugger.LLDB" selectedLauncherIdentifier="Xcode.IDEFoundation.Launcher.LLDB" shouldUseLaunchSchemeArgsEnv="NO">
    <Testables>
      <TestableReference skipped="NO" parallelizable="NO">
        <BuildableReference BuildableIdentifier="primary" BlueprintIdentifier="A00000000000000000000009" BuildableName="AccessibilityAuditTests.xctest" BlueprintName="AccessibilityAuditTests" ReferencedContainer="container:AccessibilityAudit.xcodeproj"/>
      </TestableReference>
    </Testables>
  </TestAction>
  <LaunchAction buildConfiguration="Debug" selectedDebuggerIdentifier="Xcode.DebuggerFoundation.Debugger.LLDB" selectedLauncherIdentifier="Xcode.IDEFoundation.Launcher.LLDB" launchStyle="0" useCustomWorkingDirectory="NO" ignoresPersistentStateOnLaunch="NO" debugDocumentVersioning="NO"/>
  <ProfileAction buildConfiguration="Debug" shouldUseLaunchSchemeArgsEnv="YES" useCustomWorkingDirectory="NO" debugDocumentVersioning="NO"/>
  <AnalyzeAction buildConfiguration="Debug"/>
  <ArchiveAction buildConfiguration="Debug" revealArchiveInOrganizer="NO"/>
</Scheme>
